# This file is autogenerated, do not edit; changes may be undone by the next 'dep ensure'.


[[projects]]
  branch = "master"
  name = "github.com/totherme/govendorexplorationb"
  packages = ["."]
  revision = "936b7dc7d1ba3313c1dcab8a26bd860e59bf8c35"

[[projects]]
  branch = "master"
  name = "github.com/totherme/govendorexplorationc"
  packages = ["."]
  revision = "0e89d2461192a2e54f5d2684b2a6e9f46e7135f2"

[solve-meta]
  analyzer-name = "dep"
  analyzer-version = 1
  inputs-digest = "16f73eed41c16e41666f150c0e2780dcab314e9155bff204c91748a514bb93c3"
  solver-name = "gps-cdcl"
  solver-version = 1
