# This file is autogenerated, do not edit; changes may be undone by the next 'dep ensure'.


[[projects]]
  branch = "vendoring-deliberately-vague-versions-with-dep"
  name = "github.com/totherme/govendorexplorationb"
  packages = ["."]
  revision = "64c187a7ed865395246dd50e1223f6493393b7ef"

[[projects]]
  branch = "version-2"
  name = "github.com/totherme/govendorexplorationc"
  packages = ["."]
  revision = "f84e3edb7c3836ebd5bd9766a9c94c8ce22bc6b0"

[solve-meta]
  analyzer-name = "dep"
  analyzer-version = 1
  inputs-digest = "b73223964ef0b49973c16cc61a99e2a14a958beb84bfad2f987da9996e11312f"
  solver-name = "gps-cdcl"
  solver-version = 1
